<?xml version="1.0" encoding="UTF-8" standalone="yes" ?>
<CodeBlocks_project_file>
	<FileVersion major="1" minor="6" />
	<Project>
		<Option title="Tetris_projet" />
		<Option pch_mode="2" />
		<Option compiler="gcc" />
		<Build>
			<Target title="Debug">
				<Option output="bin/Debug/Tetris_projet" prefix_auto="1" extension_auto="1" />
				<Option object_output="obj/Debug/" />
				<Option type="1" />
				<Option compiler="gcc" />
				<Compiler>
					<Add option="-g" />
					<Add directory="include" />
					<Add directory="../SDL3-devel-3.2.16-mingw/SDL3-3.2.16/x86_64-w64-mingw32/include" />
					<Add directory="../SDL3-devel-3.2.16-mingw/SDL3-3.2.16/x86_64-w64-mingw32/lib" />
					<Add directory="../SDL3_image-devel-3.2.4-mingw/SDL3_image-3.2.4/x86_64-w64-mingw32/include" />
					<Add directory="../SDL3_image-devel-3.2.4-mingw/SDL3_image-3.2.4/x86_64-w64-mingw32/lib" />
				</Compiler>
				<Linker>
					<Add option="SDL3.dll" />
					<Add option="SDL3_image.dll" />
				</Linker>
			</Target>
			<Target title="Release">
				<Option output="bin/Release/Tetris_projet" prefix_auto="1" extension_auto="1" />
				<Option object_output="obj/Release/" />
				<Option type="1" />
				<Option compiler="gcc" />
				<Compiler>
					<Add option="-O2" />
					<Add directory="include" />
				</Compiler>
				<Linker>
					<Add option="-s" />
				</Linker>
			</Target>
		</Build>
		<Compiler>
			<Add option="-Wall" />
			<Add option="-fexceptions" />
		</Compiler>
		<Unit filename="include/Barre.h" />
		<Unit filename="include/Carre.h" />
		<Unit filename="include/Couleur.h" />
		<Unit filename="include/Figure.h" />
		<Unit filename="include/Grille.h" />
		<Unit filename="include/JFigure.h" />
		<Unit filename="include/Jeu.h" />
		<Unit filename="include/LFigure.h" />
		<Unit filename="include/Position.h" />
		<Unit filename="include/SFigure.h" />
		<Unit filename="include/TFigure.h" />
		<Unit filename="include/ZFigure.h" />
		<Unit filename="main.cpp" />
		<Unit filename="src/Barre.cpp" />
		<Unit filename="src/Carre.cpp" />
		<Unit filename="src/Couleur.cpp" />
		<Unit filename="src/Figure.cpp" />
		<Unit filename="src/Grille.cpp" />
		<Unit filename="src/JFigure.cpp" />
		<Unit filename="src/Jeu.cpp" />
		<Unit filename="src/LFigure.cpp" />
		<Unit filename="src/Position.cpp" />
		<Unit filename="src/SFigure.cpp" />
		<Unit filename="src/TFigure.cpp" />
		<Unit filename="src/ZFigure.cpp" />
		<Extensions>
			<lib_finder disable_auto="1" />
		</Extensions>
	</Project>
</CodeBlocks_project_file>
